PODS:
  - ReSwift (4.0.0)
  - SwiftFormat/CLI (0.30.0)
  - SwiftLint (0.23.1)

DEPENDENCIES:
  - ReSwift
  - SwiftFormat/CLI
  - SwiftLint

SPEC CHECKSUMS:
  ReSwift: f058ef13b46ae5f463f10605ccbbb7fb04424d8d
  SwiftFormat: 51ff30f86e1ef438babbda2e0f3e1e8f53b4e942
  SwiftLint: 1b670ce79284c76520f84060e87d645078fd32fa

PODFILE CHECKSUM: e2913d94eb4e6843e53c943d2429e9842c1a8557

COCOAPODS: 1.3.1
